{
  "nodes": {
    "POP": {
      "inputs": {
        "flake-compat": [
          "omnibus",
          "flops"
        ],
        "nixlib": [
          "omnibus",
          "flops",
          "nixlib"
        ],
        "nixpkgs": [
          "omnibus",
          "flops"
        ]
      },
      "locked": {
        "lastModified": 1765336162,
        "narHash": "sha256-AZIHeUaHsjn31LdYI34MZwU/WqANNyBqJr65zGdLqlc=",
        "owner": "divnix",
        "repo": "POP",
        "rev": "b6b81b1c42ba78fda5b3021f8927cf2a52b5460e",
        "type": "github"
      },
      "original": {
        "owner": "divnix",
        "repo": "POP",
        "type": "github"
      }
    },
    "call-flake": {
      "locked": {
        "lastModified": 1754792893,
        "narHash": "sha256-11/dQG/vjpfMi4D7ku2o1UtUMf8Sud0KJ/Le44zHIc8=",
        "owner": "divnix",
        "repo": "call-flake",
        "rev": "1abb37095a152e0e8ba4315c57c84905bc8bf93c",
        "type": "github"
      },
      "original": {
        "owner": "divnix",
        "repo": "call-flake",
        "type": "github"
      }
    },
    "dmerge": {
      "inputs": {
        "haumea": [
          "omnibus",
          "flops",
          "haumea"
        ],
        "nixlib": [
          "omnibus",
          "flops",
          "nixlib"
        ],
        "yants": [
          "omnibus",
          "flops",
          "yants"
        ]
      },
      "locked": {
        "lastModified": 1698340621,
        "narHash": "sha256-SFrpyBVYaBVu4kaEm6O9O5P+ZKASMEa2EOQSlC33/Ok=",
        "owner": "divnix",
        "repo": "dmerge",
        "rev": "7e528814b0da207ea12ab3f62f2a928b7b8fe9c6",
        "type": "github"
      },
      "original": {
        "owner": "divnix",
        "repo": "dmerge",
        "type": "github"
      }
    },
    "flops": {
      "inputs": {
        "POP": "POP",
        "call-flake": "call-flake",
        "dmerge": "dmerge",
        "haumea": "haumea",
        "nixlib": "nixlib",
        "yants": "yants"
      },
      "locked": {
        "lastModified": 1766285703,
        "narHash": "sha256-z4drknjJmxGWZS5Q1bsUeBAsjGqS0m+q0MMdcH7EYcg=",
        "owner": "tao3k",
        "repo": "flops",
        "rev": "43ab978be4f7071d9e85393ec4a30f637f423471",
        "type": "github"
      },
      "original": {
        "owner": "tao3k",
        "repo": "flops",
        "type": "github"
      }
    },
    "haumea": {
      "inputs": {
        "nixpkgs": [
          "omnibus",
          "flops",
          "nixlib"
        ]
      },
      "locked": {
        "lastModified": 1708375098,
        "narHash": "sha256-DaFJp3wDHgOqx98U0SF57bXaH2Orp106c+jSdPCVu1E=",
        "owner": "nix-community",
        "repo": "haumea",
        "rev": "ec6350fd9353e7f27ce0e85d31f82e3ed73e4d70",
        "type": "github"
      },
      "original": {
        "owner": "nix-community",
        "repo": "haumea",
        "type": "github"
      }
    },
    "nixlib": {
      "locked": {
        "lastModified": 1765674936,
        "narHash": "sha256-k00uTP4JNfmejrCLJOwdObYC9jHRrr/5M/a/8L2EIdo=",
        "owner": "nix-community",
        "repo": "nixpkgs.lib",
        "rev": "2075416fcb47225d9b68ac469a5c4801a9c4dd85",
        "type": "github"
      },
      "original": {
        "owner": "nix-community",
        "repo": "nixpkgs.lib",
        "type": "github"
      }
    },
    "nixpkgs": {
      "locked": {
        "lastModified": 1767364772,
        "narHash": "sha256-fFUnEYMla8b7UKjijLnMe+oVFOz6HjijGGNS1l7dYaQ=",
        "owner": "nixos",
        "repo": "nixpkgs",
        "rev": "16c7794d0a28b5a37904d55bcca36003b9109aaa",
        "type": "github"
      },
      "original": {
        "owner": "nixos",
        "ref": "nixpkgs-unstable",
        "repo": "nixpkgs",
        "type": "github"
      }
    },
    "omnibus": {
      "inputs": {
        "flops": "flops"
      },
      "locked": {
        "lastModified": 1766963138,
        "narHash": "sha256-0BLz3V/S+KCJKxstLDFM3cY4fi7Hpukuza3KRDZe2YU=",
        "owner": "tao3k",
        "repo": "omnibus",
        "rev": "8b2aacfa5384c1c487b449d7688a5f0b953e42c6",
        "type": "github"
      },
      "original": {
        "owner": "tao3k",
        "repo": "omnibus",
        "type": "github"
      }
    },
    "root": {
      "inputs": {
        "nixpkgs": "nixpkgs",
        "omnibus": "omnibus"
      }
    },
    "yants": {
      "inputs": {
        "nixpkgs": [
          "omnibus",
          "flops",
          "nixlib"
        ]
      },
      "locked": {
        "lastModified": 1699522279,
        "narHash": "sha256-ILTqQyhVsouZDfbhEVFJI6b3NDZIQQRluL2dk3bee+Y=",
        "owner": "divnix",
        "repo": "yants",
        "rev": "cde27c2821d925245303650c2914d4b7d3a435cd",
        "type": "github"
      },
      "original": {
        "owner": "divnix",
        "ref": "refs/pull/5/head",
        "repo": "yants",
        "type": "github"
      }
    }
  },
  "root": "root",
  "version": 7
}
